<?xml version="1.0" encoding="utf-8"?>
<Project ToolsVersion="4.0" xmlns="http://schemas.microsoft.com/developer/msbuild/2003">
  <ItemGroup>
    <CudaCompile Include="kernel.cu" />
  </ItemGroup>
  <ItemGroup>
    <Filter Include="Header Files">
      <UniqueIdentifier>{ac82c71c-e688-4b5b-947b-e0c1000d2c78}</UniqueIdentifier>
    </Filter>
    <Filter Include="Source Files">
      <UniqueIdentifier>{94c8eded-7a90-45ba-a8d8-84cad75255c5}</UniqueIdentifier>
    </Filter>
  </ItemGroup>
  <ItemGroup>
    <ClInclude Include="header\DataFlow.h">
      <Filter>Header Files</Filter>
    </ClInclude>
    <ClInclude Include="header\Layer.h">
      <Filter>Header Files</Filter>
    </ClInclude>
    <ClInclude Include="header\LossFunction.h">
      <Filter>Header Files</Filter>
    </ClInclude>
    <ClInclude Include="header\Network.h">
      <Filter>Header Files</Filter>
    </ClInclude>
    <ClInclude Include="header\Optimizer.h">
      <Filter>Header Files</Filter>
    </ClInclude>
    <ClInclude Include="header\ParamData.h">
      <Filter>Header Files</Filter>
    </ClInclude>
    <ClInclude Include="header\ConvLayer.h" />
    <ClInclude Include="header\DropoutLayer.h" />
    <ClInclude Include="header\FullconnectLayer.h" />
  </ItemGroup>
  <ItemGroup>
    <ClCompile Include="src\DataFlow.cpp">
      <Filter>Source Files</Filter>
    </ClCompile>
    <ClCompile Include="src\Network.cpp">
      <Filter>Source Files</Filter>
    </ClCompile>
  </ItemGroup>
  <ItemGroup>
    <None Include="ClassDiagram.cd" />
    <None Include="ClassDiagram1.cd" />
  </ItemGroup>
</Project>